// !$*UTF8*$!
{
	archiveVersion = 1;
	classes = {
	};
	objectVersion = 55;
	objects = {

/* Begin PBXBuildFile section */
		8C8D68CE288AD52D00713663 /* DetailViewController.swift in Sources */ = {isa = PBXBuildFile; fileRef = 8C8D68CD288AD52D00713663 /* DetailViewController.swift */; };
		8C8D68D0288AF5B800713663 /* damaInfo.swift in Sources */ = {isa = PBXBuildFile; fileRef = 8C8D68CF288AF5B800713663 /* damaInfo.swift */; };
		8C8D68D2288AF62900713663 /* dama.swift in Sources */ = {isa = PBXBuildFile; fileRef = 8C8D68D1288AF62900713663 /* dama.swift */; };
		8C8D68D4288B9E7400713663 /* GrowingStoryboard.storyboard in Resources */ = {isa = PBXBuildFile; fileRef = 8C8D68D3288B9E7400713663 /* GrowingStoryboard.storyboard */; };
		8C8D68D6288B9E8900713663 /* GrowingViewController.swift in Sources */ = {isa = PBXBuildFile; fileRef = 8C8D68D5288B9E8900713663 /* GrowingViewController.swift */; };
		8C8DB498288A79680006C1E3 /* AppDelegate.swift in Sources */ = {isa = PBXBuildFile; fileRef = 8C8DB497288A79680006C1E3 /* AppDelegate.swift */; };
		8C8DB49A288A79680006C1E3 /* SceneDelegate.swift in Sources */ = {isa = PBXBuildFile; fileRef = 8C8DB499288A79680006C1E3 /* SceneDelegate.swift */; };
		8C8DB49F288A79680006C1E3 /* Main.storyboard in Resources */ = {isa = PBXBuildFile; fileRef = 8C8DB49D288A79680006C1E3 /* Main.storyboard */; };
		8C8DB4A1288A796C0006C1E3 /* Assets.xcassets in Resources */ = {isa = PBXBuildFile; fileRef = 8C8DB4A0288A796C0006C1E3 /* Assets.xcassets */; };
		8C8DB4A4288A796C0006C1E3 /* LaunchScreen.storyboard in Resources */ = {isa = PBXBuildFile; fileRef = 8C8DB4A2288A796C0006C1E3 /* LaunchScreen.storyboard */; };
		8C8DB4AF288A886F0006C1E3 /* MainCollectionViewController.swift in Sources */ = {isa = PBXBuildFile; fileRef = 8C8DB4AE288A886F0006C1E3 /* MainCollectionViewController.swift */; };
		8C8DB4B1288A89640006C1E3 /* MainCollectionViewCell.swift in Sources */ = {isa = PBXBuildFile; fileRef = 8C8DB4B0288A89640006C1E3 /* MainCollectionViewCell.swift */; };
		8C900A6F288C4B2A00CDD094 /* SettingTableViewController.swift in Sources */ = {isa = PBXBuildFile; fileRef = 8C900A6E288C4B2A00CDD094 /* SettingTableViewController.swift */; };
		8C9E03D3288D219500508C03 /* SettingTableViewCell.swift in Sources */ = {isa = PBXBuildFile; fileRef = 8C9E03D2288D219500508C03 /* SettingTableViewCell.swift */; };
		8C9E03D5288D23F700508C03 /* Setting.swift in Sources */ = {isa = PBXBuildFile; fileRef = 8C9E03D4288D23F700508C03 /* Setting.swift */; };
		8C9E03D7288D244E00508C03 /* SettingInfo.swift in Sources */ = {isa = PBXBuildFile; fileRef = 8C9E03D6288D244E00508C03 /* SettingInfo.swift */; };
		8C9E03DA288D30D000508C03 /* NameChangeViewController.swift in Sources */ = {isa = PBXBuildFile; fileRef = 8C9E03D9288D30D000508C03 /* NameChangeViewController.swift */; };
		8CA4B087288E9DD3006DBDED /* IQKeyboardManagerSwift in Frameworks */ = {isa = PBXBuildFile; productRef = 8CA4B086288E9DD3006DBDED /* IQKeyboardManagerSwift */; };
/* End PBXBuildFile section */

/* Begin PBXFileReference section */
		8C8D68CD288AD52D00713663 /* DetailViewController.swift */ = {isa = PBXFileReference; lastKnownFileType = sourcecode.swift; path = DetailViewController.swift; sourceTree = "<group>"; };
		8C8D68CF288AF5B800713663 /* damaInfo.swift */ = {isa = PBXFileReference; lastKnownFileType = sourcecode.swift; path = damaInfo.swift; sourceTree = "<group>"; };
		8C8D68D1288AF62900713663 /* dama.swift */ = {isa = PBXFileReference; lastKnownFileType = sourcecode.swift; path = dama.swift; sourceTree = "<group>"; };
		8C8D68D3288B9E7400713663 /* GrowingStoryboard.storyboard */ = {isa = PBXFileReference; lastKnownFileType = file.storyboard; path = GrowingStoryboard.storyboard; sourceTree = "<group>"; };
		8C8D68D5288B9E8900713663 /* GrowingViewController.swift */ = {isa = PBXFileReference; lastKnownFileType = sourcecode.swift; path = GrowingViewController.swift; sourceTree = "<group>"; };
		8C8DB494288A79680006C1E3 /* damagochiProject.app */ = {isa = PBXFileReference; explicitFileType = wrapper.application; includeInIndex = 0; path = damagochiProject.app; sourceTree = BUILT_PRODUCTS_DIR; };
		8C8DB497288A79680006C1E3 /* AppDelegate.swift */ = {isa = PBXFileReference; lastKnownFileType = sourcecode.swift; path = AppDelegate.swift; sourceTree = "<group>"; };
		8C8DB499288A79680006C1E3 /* SceneDelegate.swift */ = {isa = PBXFileReference; lastKnownFileType = sourcecode.swift; path = SceneDelegate.swift; sourceTree = "<group>"; };
		8C8DB49E288A79680006C1E3 /* Base */ = {isa = PBXFileReference; lastKnownFileType = file.storyboard; name = Base; path = Base.lproj/Main.storyboard; sourceTree = "<group>"; };
		8C8DB4A0288A796C0006C1E3 /* Assets.xcassets */ = {isa = PBXFileReference; lastKnownFileType = folder.assetcatalog; path = Assets.xcassets; sourceTree = "<group>"; };
		8C8DB4A3288A796C0006C1E3 /* Base */ = {isa = PBXFileReference; lastKnownFileType = file.storyboard; name = Base; path = Base.lproj/LaunchScreen.storyboard; sourceTree = "<group>"; };
		8C8DB4A5288A796C0006C1E3 /* Info.plist */ = {isa = PBXFileReference; lastKnownFileType = text.plist.xml; path = Info.plist; sourceTree = "<group>"; };
		8C8DB4AE288A886F0006C1E3 /* MainCollectionViewController.swift */ = {isa = PBXFileReference; lastKnownFileType = sourcecode.swift; path = MainCollectionViewController.swift; sourceTree = "<group>"; };
		8C8DB4B0288A89640006C1E3 /* MainCollectionViewCell.swift */ = {isa = PBXFileReference; lastKnownFileType = sourcecode.swift; path = MainCollectionViewCell.swift; sourceTree = "<group>"; };
		8C900A6E288C4B2A00CDD094 /* SettingTableViewController.swift */ = {isa = PBXFileReference; lastKnownFileType = sourcecode.swift; path = SettingTableViewController.swift; sourceTree = "<group>"; };
		8C9E03D2288D219500508C03 /* SettingTableViewCell.swift */ = {isa = PBXFileReference; lastKnownFileType = sourcecode.swift; path = SettingTableViewCell.swift; sourceTree = "<group>"; };
		8C9E03D4288D23F700508C03 /* Setting.swift */ = {isa = PBXFileReference; lastKnownFileType = sourcecode.swift; path = Setting.swift; sourceTree = "<group>"; };
		8C9E03D6288D244E00508C03 /* SettingInfo.swift */ = {isa = PBXFileReference; lastKnownFileType = sourcecode.swift; path = SettingInfo.swift; sourceTree = "<group>"; };
		8C9E03D9288D30D000508C03 /* NameChangeViewController.swift */ = {isa = PBXFileReference; lastKnownFileType = sourcecode.swift; path = NameChangeViewController.swift; sourceTree = "<group>"; };
/* End PBXFileReference section */

/* Begin PBXFrameworksBuildPhase section */
		8C8DB491288A79680006C1E3 /* Frameworks */ = {
			isa = PBXFrameworksBuildPhase;
			buildActionMask = 2147483647;
			files = (
				8CA4B087288E9DD3006DBDED /* IQKeyboardManagerSwift in Frameworks */,
			);
			runOnlyForDeploymentPostprocessing = 0;
		};
/* End PBXFrameworksBuildPhase section */

/* Begin PBXGroup section */
		8C8DB48B288A79680006C1E3 = {
			isa = PBXGroup;
			children = (
				8C8DB496288A79680006C1E3 /* damagochiProject */,
				8C8DB495288A79680006C1E3 /* Products */,
			);
			sourceTree = "<group>";
		};
		8C8DB495288A79680006C1E3 /* Products */ = {
			isa = PBXGroup;
			children = (
				8C8DB494288A79680006C1E3 /* damagochiProject.app */,
			);
			name = Products;
			sourceTree = "<group>";
		};
		8C8DB496288A79680006C1E3 /* damagochiProject */ = {
			isa = PBXGroup;
			children = (
				8C9E03D8288D30BB00508C03 /* NameChange */,
				8C8DB4AD288A85980006C1E3 /* Setting */,
				8C8DB4AC288A857C0006C1E3 /* Grow */,
				8C8DB4AB288A85630006C1E3 /* Main */,
				8C8DB497288A79680006C1E3 /* AppDelegate.swift */,
				8C8DB499288A79680006C1E3 /* SceneDelegate.swift */,
				8C8DB49D288A79680006C1E3 /* Main.storyboard */,
				8C8D68CD288AD52D00713663 /* DetailViewController.swift */,
				8C8DB4AE288A886F0006C1E3 /* MainCollectionViewController.swift */,
				8C8D68CF288AF5B800713663 /* damaInfo.swift */,
				8C8D68D1288AF62900713663 /* dama.swift */,
				8C8DB4B0288A89640006C1E3 /* MainCollectionViewCell.swift */,
				8C8DB4A0288A796C0006C1E3 /* Assets.xcassets */,
				8C8DB4A2288A796C0006C1E3 /* LaunchScreen.storyboard */,
				8C8DB4A5288A796C0006C1E3 /* Info.plist */,
			);
			path = damagochiProject;
			sourceTree = "<group>";
		};
		8C8DB4AB288A85630006C1E3 /* Main */ = {
			isa = PBXGroup;
			children = (
			);
			path = Main;
			sourceTree = "<group>";
		};
		8C8DB4AC288A857C0006C1E3 /* Grow */ = {
			isa = PBXGroup;
			children = (
				8C8D68D3288B9E7400713663 /* GrowingStoryboard.storyboard */,
				8C8D68D5288B9E8900713663 /* GrowingViewController.swift */,
			);
			path = Grow;
			sourceTree = "<group>";
		};
		8C8DB4AD288A85980006C1E3 /* Setting */ = {
			isa = PBXGroup;
			children = (
				8C9E03D2288D219500508C03 /* SettingTableViewCell.swift */,
				8C900A6E288C4B2A00CDD094 /* SettingTableViewController.swift */,
				8C9E03D4288D23F700508C03 /* Setting.swift */,
				8C9E03D6288D244E00508C03 /* SettingInfo.swift */,
			);
			path = Setting;
			sourceTree = "<group>";
		};
		8C9E03D8288D30BB00508C03 /* NameChange */ = {
			isa = PBXGroup;
			children = (
				8C9E03D9288D30D000508C03 /* NameChangeViewController.swift */,
			);
			path = NameChange;
			sourceTree = "<group>";
		};
/* End PBXGroup section */

/* Begin PBXNativeTarget section */
		8C8DB493288A79680006C1E3 /* damagochiProject */ = {
			isa = PBXNativeTarget;
			buildConfigurationList = 8C8DB4A8288A796C0006C1E3 /* Build configuration list for PBXNativeTarget "damagochiProject" */;
			buildPhases = (
				8C8DB490288A79680006C1E3 /* Sources */,
				8C8DB491288A79680006C1E3 /* Frameworks */,
				8C8DB492288A79680006C1E3 /* Resources */,
			);
			buildRules = (
			);
			dependencies = (
			);
			name = damagochiProject;
			packageProductDependencies = (
				8CA4B086288E9DD3006DBDED /* IQKeyboardManagerSwift */,
			);
			productName = damagochiProject;
			productReference = 8C8DB494288A79680006C1E3 /* damagochiProject.app */;
			productType = "com.apple.product-type.application";
		};
/* End PBXNativeTarget section */

/* Begin PBXProject section */
		8C8DB48C288A79680006C1E3 /* Project object */ = {
			isa = PBXProject;
			attributes = {
				BuildIndependentTargetsInParallel = 1;
				LastSwiftUpdateCheck = 1340;
				LastUpgradeCheck = 1340;
				TargetAttributes = {
					8C8DB493288A79680006C1E3 = {
						CreatedOnToolsVersion = 13.4.1;
					};
				};
			};
			buildConfigurationList = 8C8DB48F288A79680006C1E3 /* Build configuration list for PBXProject "damagochiProject" */;
			compatibilityVersion = "Xcode 13.0";
			developmentRegion = en;
			hasScannedForEncodings = 0;
			knownRegions = (
				en,
				Base,
			);
			mainGroup = 8C8DB48B288A79680006C1E3;
			packageReferences = (
				8CA4B085288E9DD3006DBDED /* XCRemoteSwiftPackageReference "IQKeyboardManager" */,
			);
			productRefGroup = 8C8DB495288A79680006C1E3 /* Products */;
			projectDirPath = "";
			projectRoot = "";
			targets = (
				8C8DB493288A79680006C1E3 /* damagochiProject */,
			);
		};
/* End PBXProject section */

/* Begin PBXResourcesBuildPhase section */
		8C8DB492288A79680006C1E3 /* Resources */ = {
			isa = PBXResourcesBuildPhase;
			buildActionMask = 2147483647;
			files = (
				8C8DB4A4288A796C0006C1E3 /* LaunchScreen.storyboard in Resources */,
				8C8D68D4288B9E7400713663 /* GrowingStoryboard.storyboard in Resources */,
				8C8DB4A1288A796C0006C1E3 /* Assets.xcassets in Resources */,
				8C8DB49F288A79680006C1E3 /* Main.storyboard in Resources */,
			);
			runOnlyForDeploymentPostprocessing = 0;
		};
/* End PBXResourcesBuildPhase section */

/* Begin PBXSourcesBuildPhase section */
		8C8DB490288A79680006C1E3 /* Sources */ = {
			isa = PBXSourcesBuildPhase;
			buildActionMask = 2147483647;
			files = (
				8C8DB498288A79680006C1E3 /* AppDelegate.swift in Sources */,
				8C8DB4AF288A886F0006C1E3 /* MainCollectionViewController.swift in Sources */,
				8C9E03D7288D244E00508C03 /* SettingInfo.swift in Sources */,
				8C9E03D5288D23F700508C03 /* Setting.swift in Sources */,
				8C8D68D6288B9E8900713663 /* GrowingViewController.swift in Sources */,
				8C8D68D0288AF5B800713663 /* damaInfo.swift in Sources */,
				8C8D68CE288AD52D00713663 /* DetailViewController.swift in Sources */,
				8C9E03DA288D30D000508C03 /* NameChangeViewController.swift in Sources */,
				8C8DB49A288A79680006C1E3 /* SceneDelegate.swift in Sources */,
				8C9E03D3288D219500508C03 /* SettingTableViewCell.swift in Sources */,
				8C900A6F288C4B2A00CDD094 /* SettingTableViewController.swift in Sources */,
				8C8D68D2288AF62900713663 /* dama.swift in Sources */,
				8C8DB4B1288A89640006C1E3 /* MainCollectionViewCell.swift in Sources */,
			);
			runOnlyForDeploymentPostprocessing = 0;
		};
/* End PBXSourcesBuildPhase section */

/* Begin PBXVariantGroup section */
		8C8DB49D288A79680006C1E3 /* Main.storyboard */ = {
			isa = PBXVariantGroup;
			children = (
				8C8DB49E288A79680006C1E3 /* Base */,
			);
			name = Main.storyboard;
			sourceTree = "<group>";
		};
		8C8DB4A2288A796C0006C1E3 /* LaunchScreen.storyboard */ = {
			isa = PBXVariantGroup;
			children = (
				8C8DB4A3288A796C0006C1E3 /* Base */,
			);
			name = LaunchScreen.storyboard;
			sourceTree = "<group>";
		};
/* End PBXVariantGroup section */

/* Begin XCBuildConfiguration section */
		8C8DB4A6288A796C0006C1E3 /* Debug */ = {
			isa = XCBuildConfiguration;
			buildSettings = {
				ALWAYS_SEARCH_USER_PATHS = NO;
				CLANG_ANALYZER_NONNULL = YES;
				CLANG_ANALYZER_NUMBER_OBJECT_CONVERSION = YES_AGGRESSIVE;
				CLANG_CXX_LANGUAGE_STANDARD = "gnu++17";
				CLANG_ENABLE_MODULES = YES;
				CLANG_ENABLE_OBJC_ARC = YES;
				CLANG_ENABLE_OBJC_WEAK = YES;
				CLANG_WARN_BLOCK_CAPTURE_AUTORELEASING = YES;
				CLANG_WARN_BOOL_CONVERSION = YES;
				CLANG_WARN_COMMA = YES;
				CLANG_WARN_CONSTANT_CONVERSION = YES;
				CLANG_WARN_DEPRECATED_OBJC_IMPLEMENTATIONS = YES;
				CLANG_WARN_DIRECT_OBJC_ISA_USAGE = YES_ERROR;
				CLANG_WARN_DOCUMENTATION_COMMENTS = YES;
				CLANG_WARN_EMPTY_BODY = YES;
				CLANG_WARN_ENUM_CONVERSION = YES;
				CLANG_WARN_INFINITE_RECURSION = YES;
				CLANG_WARN_INT_CONVERSION = YES;
				CLANG_WARN_NON_LITERAL_NULL_CONVERSION = YES;
				CLANG_WARN_OBJC_IMPLICIT_RETAIN_SELF = YES;
				CLANG_WARN_OBJC_LITERAL_CONVERSION = YES;
				CLANG_WARN_OBJC_ROOT_CLASS = YES_ERROR;
				CLANG_WARN_QUOTED_INCLUDE_IN_FRAMEWORK_HEADER = YES;
				CLANG_WARN_RANGE_LOOP_ANALYSIS = YES;
				CLANG_WARN_STRICT_PROTOTYPES = YES;
				CLANG_WARN_SUSPICIOUS_MOVE = YES;
				CLANG_WARN_UNGUARDED_AVAILABILITY = YES_AGGRESSIVE;
				CLANG_WARN_UNREACHABLE_CODE = YES;
				CLANG_WARN__DUPLICATE_METHOD_MATCH = YES;
				COPY_PHASE_STRIP = NO;
				DEBUG_INFORMATION_FORMAT = dwarf;
				ENABLE_STRICT_OBJC_MSGSEND = YES;
				ENABLE_TESTABILITY = YES;
				GCC_C_LANGUAGE_STANDARD = gnu11;
				GCC_DYNAMIC_NO_PIC = NO;
				GCC_NO_COMMON_BLOCKS = YES;
				GCC_OPTIMIZATION_LEVEL = 0;
				GCC_PREPROCESSOR_DEFINITIONS = (
					"DEBUG=1",
					"$(inherited)",
				);
				GCC_WARN_64_TO_32_BIT_CONVERSION = YES;
				GCC_WARN_ABOUT_RETURN_TYPE = YES_ERROR;
				GCC_WARN_UNDECLARED_SELECTOR = YES;
				GCC_WARN_UNINITIALIZED_AUTOS = YES_AGGRESSIVE;
				GCC_WARN_UNUSED_FUNCTION = YES;
				GCC_WARN_UNUSED_VARIABLE = YES;
				IPHONEOS_DEPLOYMENT_TARGET = 15.5;
				MTL_ENABLE_DEBUG_INFO = INCLUDE_SOURCE;
				MTL_FAST_MATH = YES;
				ONLY_ACTIVE_ARCH = YES;
				SDKROOT = iphoneos;
				SWIFT_ACTIVE_COMPILATION_CONDITIONS = DEBUG;
				SWIFT_OPTIMIZATION_LEVEL = "-Onone";
			};
			name = Debug;
		};
		8C8DB4A7288A796C0006C1E3 /* Release */ = {
			isa = XCBuildConfiguration;
			buildSettings = {
				ALWAYS_SEARCH_USER_PATHS = NO;
				CLANG_ANALYZER_NONNULL = YES;
				CLANG_ANALYZER_NUMBER_OBJECT_CONVERSION = YES_AGGRESSIVE;
				CLANG_CXX_LANGUAGE_STANDARD = "gnu++17";
				CLANG_ENABLE_MODULES = YES;
				CLANG_ENABLE_OBJC_ARC = YES;
				CLANG_ENABLE_OBJC_WEAK = YES;
				CLANG_WARN_BLOCK_CAPTURE_AUTORELEASING = YES;
				CLANG_WARN_BOOL_CONVERSION = YES;
				CLANG_WARN_COMMA = YES;
				CLANG_WARN_CONSTANT_CONVERSION = YES;
				CLANG_WARN_DEPRECATED_OBJC_IMPLEMENTATIONS = YES;
				CLANG_WARN_DIRECT_OBJC_ISA_USAGE = YES_ERROR;
				CLANG_WARN_DOCUMENTATION_COMMENTS = YES;
				CLANG_WARN_EMPTY_BODY = YES;
				CLANG_WARN_ENUM_CONVERSION = YES;
				CLANG_WARN_INFINITE_RECURSION = YES;
				CLANG_WARN_INT_CONVERSION = YES;
				CLANG_WARN_NON_LITERAL_NULL_CONVERSION = YES;
				CLANG_WARN_OBJC_IMPLICIT_RETAIN_SELF = YES;
				CLANG_WARN_OBJC_LITERAL_CONVERSION = YES;
				CLANG_WARN_OBJC_ROOT_CLASS = YES_ERROR;
				CLANG_WARN_QUOTED_INCLUDE_IN_FRAMEWORK_HEADER = YES;
				CLANG_WARN_RANGE_LOOP_ANALYSIS = YES;
				CLANG_WARN_STRICT_PROTOTYPES = YES;
				CLANG_WARN_SUSPICIOUS_MOVE = YES;
				CLANG_WARN_UNGUARDED_AVAILABILITY = YES_AGGRESSIVE;
				CLANG_WARN_UNREACHABLE_CODE = YES;
				CLANG_WARN__DUPLICATE_METHOD_MATCH = YES;
				COPY_PHASE_STRIP = NO;
				DEBUG_INFORMATION_FORMAT = "dwarf-with-dsym";
				ENABLE_NS_ASSERTIONS = NO;
				ENABLE_STRICT_OBJC_MSGSEND = YES;
				GCC_C_LANGUAGE_STANDARD = gnu11;
				GCC_NO_COMMON_BLOCKS = YES;
				GCC_WARN_64_TO_32_BIT_CONVERSION = YES;
				GCC_WARN_ABOUT_RETURN_TYPE = YES_ERROR;
				GCC_WARN_UNDECLARED_SELECTOR = YES;
				GCC_WARN_UNINITIALIZED_AUTOS = YES_AGGRESSIVE;
				GCC_WARN_UNUSED_FUNCTION = YES;
				GCC_WARN_UNUSED_VARIABLE = YES;
				IPHONEOS_DEPLOYMENT_TARGET = 15.5;
				MTL_ENABLE_DEBUG_INFO = NO;
				MTL_FAST_MATH = YES;
				SDKROOT = iphoneos;
				SWIFT_COMPILATION_MODE = wholemodule;
				SWIFT_OPTIMIZATION_LEVEL = "-O";
				VALIDATE_PRODUCT = YES;
			};
			name = Release;
		};
		8C8DB4A9288A796C0006C1E3 /* Debug */ = {
			isa = XCBuildConfiguration;
			buildSettings = {
				ASSETCATALOG_COMPILER_APPICON_NAME = AppIcon;
				ASSETCATALOG_COMPILER_GLOBAL_ACCENT_COLOR_NAME = AccentColor;
				CODE_SIGN_STYLE = Automatic;
				CURRENT_PROJECT_VERSION = 1;
				DEVELOPMENT_TEAM = 5C6W5SYCQQ;
				GENERATE_INFOPLIST_FILE = YES;
				INFOPLIST_FILE = damagochiProject/Info.plist;
				INFOPLIST_KEY_CFBundleDisplayName = "신승아";
				INFOPLIST_KEY_UIApplicationSupportsIndirectInputEvents = YES;
				INFOPLIST_KEY_UILaunchStoryboardName = LaunchScreen;
				INFOPLIST_KEY_UIMainStoryboardFile = Main;
				INFOPLIST_KEY_UISupportedInterfaceOrientations_iPad = "UIInterfaceOrientationPortrait UIInterfaceOrientationPortraitUpsideDown UIInterfaceOrientationLandscapeLeft UIInterfaceOrientationLandscapeRight";
				INFOPLIST_KEY_UISupportedInterfaceOrientations_iPhone = UIInterfaceOrientationPortrait;
				IPHONEOS_DEPLOYMENT_TARGET = 15.0;
				LD_RUNPATH_SEARCH_PATHS = (
					"$(inherited)",
					"@executable_path/Frameworks",
				);
				MARKETING_VERSION = 1.0;
				PRODUCT_BUNDLE_IDENTIFIER = com.kate.damagochiProject;
				PRODUCT_NAME = "$(TARGET_NAME)";
				SWIFT_EMIT_LOC_STRINGS = YES;
				SWIFT_VERSION = 5.0;
				TARGETED_DEVICE_FAMILY = 1;
			};
			name = Debug;
		};
		8C8DB4AA288A796C0006C1E3 /* Release */ = {
			isa = XCBuildConfiguration;
			buildSettings = {
				ASSETCATALOG_COMPILER_APPICON_NAME = AppIcon;
				ASSETCATALOG_COMPILER_GLOBAL_ACCENT_COLOR_NAME = AccentColor;
				CODE_SIGN_STYLE = Automatic;
				CURRENT_PROJECT_VERSION = 1;
				DEVELOPMENT_TEAM = 5C6W5SYCQQ;
				GENERATE_INFOPLIST_FILE = YES;
				INFOPLIST_FILE = damagochiProject/Info.plist;
				INFOPLIST_KEY_CFBundleDisplayName = "신승아";
				INFOPLIST_KEY_UIApplicationSupportsIndirectInputEvents = YES;
				INFOPLIST_KEY_UILaunchStoryboardName = LaunchScreen;
				INFOPLIST_KEY_UIMainStoryboardFile = Main;
				INFOPLIST_KEY_UISupportedInterfaceOrientations_iPad = "UIInterfaceOrientationPortrait UIInterfaceOrientationPortraitUpsideDown UIInterfaceOrientationLandscapeLeft UIInterfaceOrientationLandscapeRight";
				INFOPLIST_KEY_UISupportedInterfaceOrientations_iPhone = UIInterfaceOrientationPortrait;
				IPHONEOS_DEPLOYMENT_TARGET = 15.0;
				LD_RUNPATH_SEARCH_PATHS = (
					"$(inherited)",
					"@executable_path/Frameworks",
				);
				MARKETING_VERSION = 1.0;
				PRODUCT_BUNDLE_IDENTIFIER = com.kate.damagochiProject;
				PRODUCT_NAME = "$(TARGET_NAME)";
				SWIFT_EMIT_LOC_STRINGS = YES;
				SWIFT_VERSION = 5.0;
				TARGETED_DEVICE_FAMILY = 1;
			};
			name = Release;
		};
/* End XCBuildConfiguration section */

/* Begin XCConfigurationList section */
		8C8DB48F288A79680006C1E3 /* Build configuration list for PBXProject "damagochiProject" */ = {
			isa = XCConfigurationList;
			buildConfigurations = (
				8C8DB4A6288A796C0006C1E3 /* Debug */,
				8C8DB4A7288A796C0006C1E3 /* Release */,
			);
			defaultConfigurationIsVisible = 0;
			defaultConfigurationName = Release;
		};
		8C8DB4A8288A796C0006C1E3 /* Build configuration list for PBXNativeTarget "damagochiProject" */ = {
			isa = XCConfigurationList;
			buildConfigurations = (
				8C8DB4A9288A796C0006C1E3 /* Debug */,
				8C8DB4AA288A796C0006C1E3 /* Release */,
			);
			defaultConfigurationIsVisible = 0;
			defaultConfigurationName = Release;
		};
/* End XCConfigurationList section */

/* Begin XCRemoteSwiftPackageReference section */
		8CA4B085288E9DD3006DBDED /* XCRemoteSwiftPackageReference "IQKeyboardManager" */ = {
			isa = XCRemoteSwiftPackageReference;
			repositoryURL = "https://github.com/hackiftekhar/IQKeyboardManager.git";
			requirement = {
				branch = master;
				kind = branch;
			};
		};
/* End XCRemoteSwiftPackageReference section */

/* Begin XCSwiftPackageProductDependency section */
		8CA4B086288E9DD3006DBDED /* IQKeyboardManagerSwift */ = {
			isa = XCSwiftPackageProductDependency;
			package = 8CA4B085288E9DD3006DBDED /* XCRemoteSwiftPackageReference "IQKeyboardManager" */;
			productName = IQKeyboardManagerSwift;
		};
/* End XCSwiftPackageProductDependency section */
	};
	rootObject = 8C8DB48C288A79680006C1E3 /* Project object */;
}
